
Microsoft Visual Studio Solution File, Format Version 12.00
# Visual Studio Version 17
VisualStudioVersion = 17.0.31903.59
MinimumVisualStudioVersion = 10.0.40219.1
Project("{FAE04EC0-301F-11D3-BF4B-00C04F79EFBC}") = "serviceworker", "ServiceWorker\ServiceWorker.csproj", "{1B622CF7-848C-4EE8-97E0-9995E06AEF2B}"
EndProject
Global
	GlobalSection(SolutionConfigurationPlatforms) = preSolution
		Debug|Any CPU = Debug|Any CPU
		Release|Any CPU = Release|Any CPU
	EndGlobalSection
	GlobalSection(SolutionProperties) = preSolution
		HideSolutionNode = FALSE
	EndGlobalSection
	GlobalSection(ProjectConfigurationPlatforms) = postSolution
		{1B622CF7-848C-4EE8-97E0-9995E06AEF2B}.Debug|Any CPU.ActiveCfg = Debug|Any CPU
		{1B622CF7-848C-4EE8-97E0-9995E06AEF2B}.Debug|Any CPU.Build.0 = Debug|Any CPU
		{1B622CF7-848C-4EE8-97E0-9995E06AEF2B}.Release|Any CPU.ActiveCfg = Release|Any CPU
		{1B622CF7-848C-4EE8-97E0-9995E06AEF2B}.Release|Any CPU.Build.0 = Release|Any CPU
	EndGlobalSection
EndGlobal
